
Microsoft Visual Studio Solution File, Format Version 12.00
# Visual Studio 14
VisualStudioVersion = 14.0.25420.1
MinimumVisualStudioVersion = 10.0.40219.1
Project("{FAE04EC0-301F-11D3-BF4B-00C04F79EFBC}") = "WPFRibbonWorkplace", "..\WPFRibbonWorkplace\WPFRibbonWorkplace\WPFRibbonWorkplace.csproj", "{0F343628-0344-4F11-86D4-02A7C0667F9E}"
EndProject
Project("{2150E333-8FDC-42A3-9474-1A3956D46DE8}") = "DAL", "DAL", "{132D58A7-994A-4042-94A7-A86C1C32F203}"
EndProject
Project("{FAE04EC0-301F-11D3-BF4B-00C04F79EFBC}") = "BusinessLogic", "Projects\BusinessLogic\BusinessLogic.csproj", "{397DBCE2-1E86-4EDE-8D49-40835DC1452B}"
EndProject
Project("{FAE04EC0-301F-11D3-BF4B-00C04F79EFBC}") = "WPFMeetingsWorkplacePlugin", "Projects\WPFMeetingsMain\WPFMeetingsWorkplacePlugin.csproj", "{DE124B81-F433-4CBC-882F-01E9FC9D22DA}"
EndProject
Project("{FAE04EC0-301F-11D3-BF4B-00C04F79EFBC}") = "DALLocal", "DALLocal\DALLocal.csproj", "{8B7F4557-0EED-4C9E-85CF-C33F1B9C4F01}"
EndProject
Project("{FAE04EC0-301F-11D3-BF4B-00C04F79EFBC}") = "WPFRibbonWorkplaceContracts", "..\WPFRibbonWorkplace\WPFRibbonWorkplaceContracts\WPFRibbonWorkplaceContracts.csproj", "{C3061B25-9224-4637-8023-AB4E0AC64AA1}"
EndProject
Project("{2150E333-8FDC-42A3-9474-1A3956D46DE8}") = "Workplace", "Workplace", "{8B4303B3-5832-4B9D-9C94-048E18B85FAE}"
EndProject
Project("{FAE04EC0-301F-11D3-BF4B-00C04F79EFBC}") = "DALServer", "DALServer\DALServer.csproj", "{A6D975FB-EEF6-4CBB-A8A9-A166AC06F46F}"
EndProject
Project("{FAE04EC0-301F-11D3-BF4B-00C04F79EFBC}") = "MeetingsDTO", "MeetingsDTO\MeetingsDTO.csproj", "{CDF2D03C-B19F-4101-8BAB-E71CD8904D82}"
EndProject
Project("{2150E333-8FDC-42A3-9474-1A3956D46DE8}") = "Nugets", "Nugets", "{CFC8B9DF-39EC-426C-A8EC-FB9BEC08FBCC}"
EndProject
Project("{FAE04EC0-301F-11D3-BF4B-00C04F79EFBC}") = "ConnectionStringHelper", "..\ConnectionStringHelper\ConnectionStringHelper\ConnectionStringHelper.csproj", "{13C687E5-893E-4489-8EB6-FC7C443EFCC8}"
EndProject
Project("{FAE04EC0-301F-11D3-BF4B-00C04F79EFBC}") = "DateProviderContract", "IDateProvider\DateProviderContract.csproj", "{3F8FF967-1976-4C5D-AC53-EEF7B156DA89}"
EndProject
Project("{FAE04EC0-301F-11D3-BF4B-00C04F79EFBC}") = "DateProviderSimple", "DateProviderSimple\DateProviderSimple.csproj", "{DAE9D99C-A1B2-4D01-8752-75028813B599}"
EndProject
Project("{FAE04EC0-301F-11D3-BF4B-00C04F79EFBC}") = "IoCManager", "IoCManager\IoCManager.csproj", "{B12661AF-45A4-43C6-B569-B2DD5BA2B682}"
EndProject
Project("{FAE04EC0-301F-11D3-BF4B-00C04F79EFBC}") = "DALCompact", "DALCompact\DALCompact.csproj", "{B87B2DEA-8C7E-4FAB-A55E-1842E0440AF8}"
EndProject
Project("{FAE04EC0-301F-11D3-BF4B-00C04F79EFBC}") = "DALDataProvider", "Projects\DAL\DALDataProvider\DALDataProvider.csproj", "{800EBF50-A730-4067-872B-401F82B0AF49}"
EndProject
Global
	GlobalSection(SolutionConfigurationPlatforms) = preSolution
		Debug|Any CPU = Debug|Any CPU
		Release|Any CPU = Release|Any CPU
	EndGlobalSection
	GlobalSection(ProjectConfigurationPlatforms) = postSolution
		{0F343628-0344-4F11-86D4-02A7C0667F9E}.Debug|Any CPU.ActiveCfg = Debug|Any CPU
		{0F343628-0344-4F11-86D4-02A7C0667F9E}.Debug|Any CPU.Build.0 = Debug|Any CPU
		{0F343628-0344-4F11-86D4-02A7C0667F9E}.Release|Any CPU.ActiveCfg = Release|Any CPU
		{0F343628-0344-4F11-86D4-02A7C0667F9E}.Release|Any CPU.Build.0 = Release|Any CPU
		{397DBCE2-1E86-4EDE-8D49-40835DC1452B}.Debug|Any CPU.ActiveCfg = Debug|Any CPU
		{397DBCE2-1E86-4EDE-8D49-40835DC1452B}.Debug|Any CPU.Build.0 = Debug|Any CPU
		{397DBCE2-1E86-4EDE-8D49-40835DC1452B}.Release|Any CPU.ActiveCfg = Release|Any CPU
		{397DBCE2-1E86-4EDE-8D49-40835DC1452B}.Release|Any CPU.Build.0 = Release|Any CPU
		{DE124B81-F433-4CBC-882F-01E9FC9D22DA}.Debug|Any CPU.ActiveCfg = Debug|Any CPU
		{DE124B81-F433-4CBC-882F-01E9FC9D22DA}.Debug|Any CPU.Build.0 = Debug|Any CPU
		{DE124B81-F433-4CBC-882F-01E9FC9D22DA}.Release|Any CPU.ActiveCfg = Release|Any CPU
		{DE124B81-F433-4CBC-882F-01E9FC9D22DA}.Release|Any CPU.Build.0 = Release|Any CPU
		{8B7F4557-0EED-4C9E-85CF-C33F1B9C4F01}.Debug|Any CPU.ActiveCfg = Debug|Any CPU
		{8B7F4557-0EED-4C9E-85CF-C33F1B9C4F01}.Debug|Any CPU.Build.0 = Debug|Any CPU
		{8B7F4557-0EED-4C9E-85CF-C33F1B9C4F01}.Release|Any CPU.ActiveCfg = Release|Any CPU
		{8B7F4557-0EED-4C9E-85CF-C33F1B9C4F01}.Release|Any CPU.Build.0 = Release|Any CPU
		{C3061B25-9224-4637-8023-AB4E0AC64AA1}.Debug|Any CPU.ActiveCfg = Debug|Any CPU
		{C3061B25-9224-4637-8023-AB4E0AC64AA1}.Debug|Any CPU.Build.0 = Debug|Any CPU
		{C3061B25-9224-4637-8023-AB4E0AC64AA1}.Release|Any CPU.ActiveCfg = Release|Any CPU
		{C3061B25-9224-4637-8023-AB4E0AC64AA1}.Release|Any CPU.Build.0 = Release|Any CPU
		{A6D975FB-EEF6-4CBB-A8A9-A166AC06F46F}.Debug|Any CPU.ActiveCfg = Debug|Any CPU
		{A6D975FB-EEF6-4CBB-A8A9-A166AC06F46F}.Debug|Any CPU.Build.0 = Debug|Any CPU
		{A6D975FB-EEF6-4CBB-A8A9-A166AC06F46F}.Release|Any CPU.ActiveCfg = Release|Any CPU
		{A6D975FB-EEF6-4CBB-A8A9-A166AC06F46F}.Release|Any CPU.Build.0 = Release|Any CPU
		{CDF2D03C-B19F-4101-8BAB-E71CD8904D82}.Debug|Any CPU.ActiveCfg = Debug|Any CPU
		{CDF2D03C-B19F-4101-8BAB-E71CD8904D82}.Debug|Any CPU.Build.0 = Debug|Any CPU
		{CDF2D03C-B19F-4101-8BAB-E71CD8904D82}.Release|Any CPU.ActiveCfg = Release|Any CPU
		{CDF2D03C-B19F-4101-8BAB-E71CD8904D82}.Release|Any CPU.Build.0 = Release|Any CPU
		{13C687E5-893E-4489-8EB6-FC7C443EFCC8}.Debug|Any CPU.ActiveCfg = Debug|Any CPU
		{13C687E5-893E-4489-8EB6-FC7C443EFCC8}.Debug|Any CPU.Build.0 = Debug|Any CPU
		{13C687E5-893E-4489-8EB6-FC7C443EFCC8}.Release|Any CPU.ActiveCfg = Release|Any CPU
		{13C687E5-893E-4489-8EB6-FC7C443EFCC8}.Release|Any CPU.Build.0 = Release|Any CPU
		{3F8FF967-1976-4C5D-AC53-EEF7B156DA89}.Debug|Any CPU.ActiveCfg = Debug|Any CPU
		{3F8FF967-1976-4C5D-AC53-EEF7B156DA89}.Debug|Any CPU.Build.0 = Debug|Any CPU
		{3F8FF967-1976-4C5D-AC53-EEF7B156DA89}.Release|Any CPU.ActiveCfg = Release|Any CPU
		{3F8FF967-1976-4C5D-AC53-EEF7B156DA89}.Release|Any CPU.Build.0 = Release|Any CPU
		{DAE9D99C-A1B2-4D01-8752-75028813B599}.Debug|Any CPU.ActiveCfg = Debug|Any CPU
		{DAE9D99C-A1B2-4D01-8752-75028813B599}.Debug|Any CPU.Build.0 = Debug|Any CPU
		{DAE9D99C-A1B2-4D01-8752-75028813B599}.Release|Any CPU.ActiveCfg = Release|Any CPU
		{DAE9D99C-A1B2-4D01-8752-75028813B599}.Release|Any CPU.Build.0 = Release|Any CPU
		{B12661AF-45A4-43C6-B569-B2DD5BA2B682}.Debug|Any CPU.ActiveCfg = Debug|Any CPU
		{B12661AF-45A4-43C6-B569-B2DD5BA2B682}.Debug|Any CPU.Build.0 = Debug|Any CPU
		{B12661AF-45A4-43C6-B569-B2DD5BA2B682}.Release|Any CPU.ActiveCfg = Release|Any CPU
		{B12661AF-45A4-43C6-B569-B2DD5BA2B682}.Release|Any CPU.Build.0 = Release|Any CPU
		{B87B2DEA-8C7E-4FAB-A55E-1842E0440AF8}.Debug|Any CPU.ActiveCfg = Debug|Any CPU
		{B87B2DEA-8C7E-4FAB-A55E-1842E0440AF8}.Debug|Any CPU.Build.0 = Debug|Any CPU
		{B87B2DEA-8C7E-4FAB-A55E-1842E0440AF8}.Release|Any CPU.ActiveCfg = Release|Any CPU
		{B87B2DEA-8C7E-4FAB-A55E-1842E0440AF8}.Release|Any CPU.Build.0 = Release|Any CPU
		{800EBF50-A730-4067-872B-401F82B0AF49}.Debug|Any CPU.ActiveCfg = Debug|Any CPU
		{800EBF50-A730-4067-872B-401F82B0AF49}.Debug|Any CPU.Build.0 = Debug|Any CPU
		{800EBF50-A730-4067-872B-401F82B0AF49}.Release|Any CPU.ActiveCfg = Release|Any CPU
		{800EBF50-A730-4067-872B-401F82B0AF49}.Release|Any CPU.Build.0 = Release|Any CPU
	EndGlobalSection
	GlobalSection(SolutionProperties) = preSolution
		HideSolutionNode = FALSE
	EndGlobalSection
	GlobalSection(NestedProjects) = preSolution
		{0F343628-0344-4F11-86D4-02A7C0667F9E} = {8B4303B3-5832-4B9D-9C94-048E18B85FAE}
		{8B7F4557-0EED-4C9E-85CF-C33F1B9C4F01} = {132D58A7-994A-4042-94A7-A86C1C32F203}
		{C3061B25-9224-4637-8023-AB4E0AC64AA1} = {8B4303B3-5832-4B9D-9C94-048E18B85FAE}
		{A6D975FB-EEF6-4CBB-A8A9-A166AC06F46F} = {132D58A7-994A-4042-94A7-A86C1C32F203}
		{13C687E5-893E-4489-8EB6-FC7C443EFCC8} = {CFC8B9DF-39EC-426C-A8EC-FB9BEC08FBCC}
		{3F8FF967-1976-4C5D-AC53-EEF7B156DA89} = {CFC8B9DF-39EC-426C-A8EC-FB9BEC08FBCC}
		{DAE9D99C-A1B2-4D01-8752-75028813B599} = {CFC8B9DF-39EC-426C-A8EC-FB9BEC08FBCC}
		{B12661AF-45A4-43C6-B569-B2DD5BA2B682} = {CFC8B9DF-39EC-426C-A8EC-FB9BEC08FBCC}
		{B87B2DEA-8C7E-4FAB-A55E-1842E0440AF8} = {132D58A7-994A-4042-94A7-A86C1C32F203}
		{800EBF50-A730-4067-872B-401F82B0AF49} = {132D58A7-994A-4042-94A7-A86C1C32F203}
	EndGlobalSection
EndGlobal
